// !$*UTF8*$!
{
	archiveVersion = 1;
	classes = {
	};
	objectVersion = 55;
	objects = {

/* Begin PBXBuildFile section */
		010F42772874BD29006D101E /* AppDelegate.m in Sources */ = {isa = PBXBuildFile; fileRef = 010F42762874BD29006D101E /* AppDelegate.m */; };
		010F427A2874BD29006D101E /* SceneDelegate.m in Sources */ = {isa = PBXBuildFile; fileRef = 010F42792874BD29006D101E /* SceneDelegate.m */; };
		010F427D2874BD2A006D101E /* ViewController.m in Sources */ = {isa = PBXBuildFile; fileRef = 010F427C2874BD2A006D101E /* ViewController.m */; };
		010F42802874BD2A006D101E /* Main.storyboard in Resources */ = {isa = PBXBuildFile; fileRef = 010F427E2874BD2A006D101E /* Main.storyboard */; };
		010F42822874BD2B006D101E /* Assets.xcassets in Resources */ = {isa = PBXBuildFile; fileRef = 010F42812874BD2B006D101E /* Assets.xcassets */; };
		010F42852874BD2B006D101E /* LaunchScreen.storyboard in Resources */ = {isa = PBXBuildFile; fileRef = 010F42832874BD2B006D101E /* LaunchScreen.storyboard */; };
		010F42882874BD2B006D101E /* main.m in Sources */ = {isa = PBXBuildFile; fileRef = 010F42872874BD2B006D101E /* main.m */; };
		010F42922874BD2C006D101E /* PlanMyTripTests.m in Sources */ = {isa = PBXBuildFile; fileRef = 010F42912874BD2C006D101E /* PlanMyTripTests.m */; };
		010F429C2874BD2C006D101E /* PlanMyTripUITests.m in Sources */ = {isa = PBXBuildFile; fileRef = 010F429B2874BD2C006D101E /* PlanMyTripUITests.m */; };
		010F429E2874BD2C006D101E /* PlanMyTripUITestsLaunchTests.m in Sources */ = {isa = PBXBuildFile; fileRef = 010F429D2874BD2C006D101E /* PlanMyTripUITestsLaunchTests.m */; };
		010F42AC2874D8B5006D101E /* SignUpViewController.m in Sources */ = {isa = PBXBuildFile; fileRef = 010F42AB2874D8B5006D101E /* SignUpViewController.m */; };
		010F42AF2874D905006D101E /* SignInViewController.m in Sources */ = {isa = PBXBuildFile; fileRef = 010F42AE2874D905006D101E /* SignInViewController.m */; };
		010F42B828760272006D101E /* HomeViewController.m in Sources */ = {isa = PBXBuildFile; fileRef = 010F42B728760272006D101E /* HomeViewController.m */; };
		010F42BB28760E4F006D101E /* TripTypeViewController.m in Sources */ = {isa = PBXBuildFile; fileRef = 010F42BA28760E4F006D101E /* TripTypeViewController.m */; };
		010F42CB287764C7006D101E /* SelectServicesViewController.m in Sources */ = {isa = PBXBuildFile; fileRef = 010F42CA287764C7006D101E /* SelectServicesViewController.m */; };
		0167F9452878A1A80085F4C6 /* FlightRequirmentsViewController.m in Sources */ = {isa = PBXBuildFile; fileRef = 0167F9442878A1A80085F4C6 /* FlightRequirmentsViewController.m */; };
		0167F9492878B1F10085F4C6 /* HotelRequirementsViewController.m in Sources */ = {isa = PBXBuildFile; fileRef = 0167F9482878B1F10085F4C6 /* HotelRequirementsViewController.m */; };
		0167F94E2878F00B0085F4C6 /* CarRequirmentsViewController.m in Sources */ = {isa = PBXBuildFile; fileRef = 0167F94D2878F00B0085F4C6 /* CarRequirmentsViewController.m */; };
		0167F952287C976B0085F4C6 /* Flights_Information.m in Sources */ = {isa = PBXBuildFile; fileRef = 0167F951287C976B0085F4C6 /* Flights_Information.m */; };
		0167F955287C9C320085F4C6 /* Hotels_Information.m in Sources */ = {isa = PBXBuildFile; fileRef = 0167F954287C9C320085F4C6 /* Hotels_Information.m */; };
		0167F958287C9D370085F4C6 /* Cars_Information.m in Sources */ = {isa = PBXBuildFile; fileRef = 0167F957287C9D370085F4C6 /* Cars_Information.m */; };
		0167F95B287CC3C20085F4C6 /* ResultsViewController.m in Sources */ = {isa = PBXBuildFile; fileRef = 0167F95A287CC3C20085F4C6 /* ResultsViewController.m */; };
		0167F963288B10250085F4C6 /* DisplayResultsViewController.m in Sources */ = {isa = PBXBuildFile; fileRef = 0167F962288B10250085F4C6 /* DisplayResultsViewController.m */; };
		01BF7D332896F4630078E4BC /* FlightFilterViewController.m in Sources */ = {isa = PBXBuildFile; fileRef = 01BF7D322896F4630078E4BC /* FlightFilterViewController.m */; };
		01BF7D362896F4CB0078E4BC /* HotelFilterViewController.m in Sources */ = {isa = PBXBuildFile; fileRef = 01BF7D352896F4CB0078E4BC /* HotelFilterViewController.m */; };
		01BF7D392896F5540078E4BC /* CarFilterViewController.m in Sources */ = {isa = PBXBuildFile; fileRef = 01BF7D382896F5540078E4BC /* CarFilterViewController.m */; };
		01BF7D3C289D92390078E4BC /* TripTableViewCell.m in Sources */ = {isa = PBXBuildFile; fileRef = 01BF7D3B289D92390078E4BC /* TripTableViewCell.m */; };
		380D04BE09E776D66DD1A6DE /* Pods_PlanMyTrip_PlanMyTripUITests.framework in Frameworks */ = {isa = PBXBuildFile; fileRef = 899E7F247C96E1C51F6ECB98 /* Pods_PlanMyTrip_PlanMyTripUITests.framework */; };
		A0B4AE45AB6D3D4DEDD64F83 /* Pods_PlanMyTripTests.framework in Frameworks */ = {isa = PBXBuildFile; fileRef = CBBADCC2173EEE170DD9E2BD /* Pods_PlanMyTripTests.framework */; };
		A7FF21666711CF69270204EB /* Pods_PlanMyTrip.framework in Frameworks */ = {isa = PBXBuildFile; fileRef = 30F1811EA646716ED1A1995A /* Pods_PlanMyTrip.framework */; };
/* End PBXBuildFile section */

/* Begin PBXContainerItemProxy section */
		010F428E2874BD2C006D101E /* PBXContainerItemProxy */ = {
			isa = PBXContainerItemProxy;
			containerPortal = 010F426A2874BD29006D101E /* Project object */;
			proxyType = 1;
			remoteGlobalIDString = 010F42712874BD29006D101E;
			remoteInfo = PlanMyTrip;
		};
		010F42982874BD2C006D101E /* PBXContainerItemProxy */ = {
			isa = PBXContainerItemProxy;
			containerPortal = 010F426A2874BD29006D101E /* Project object */;
			proxyType = 1;
			remoteGlobalIDString = 010F42712874BD29006D101E;
			remoteInfo = PlanMyTrip;
		};
/* End PBXContainerItemProxy section */

/* Begin PBXFileReference section */
		010F42722874BD29006D101E /* PlanMyTrip.app */ = {isa = PBXFileReference; explicitFileType = wrapper.application; includeInIndex = 0; path = PlanMyTrip.app; sourceTree = BUILT_PRODUCTS_DIR; };
		010F42752874BD29006D101E /* AppDelegate.h */ = {isa = PBXFileReference; lastKnownFileType = sourcecode.c.h; path = AppDelegate.h; sourceTree = "<group>"; };
		010F42762874BD29006D101E /* AppDelegate.m */ = {isa = PBXFileReference; lastKnownFileType = sourcecode.c.objc; path = AppDelegate.m; sourceTree = "<group>"; };
		010F42782874BD29006D101E /* SceneDelegate.h */ = {isa = PBXFileReference; lastKnownFileType = sourcecode.c.h; path = SceneDelegate.h; sourceTree = "<group>"; };
		010F42792874BD29006D101E /* SceneDelegate.m */ = {isa = PBXFileReference; lastKnownFileType = sourcecode.c.objc; path = SceneDelegate.m; sourceTree = "<group>"; };
		010F427B2874BD29006D101E /* ViewController.h */ = {isa = PBXFileReference; lastKnownFileType = sourcecode.c.h; path = ViewController.h; sourceTree = "<group>"; };
		010F427C2874BD2A006D101E /* ViewController.m */ = {isa = PBXFileReference; lastKnownFileType = sourcecode.c.objc; path = ViewController.m; sourceTree = "<group>"; };
		010F427F2874BD2A006D101E /* Base */ = {isa = PBXFileReference; lastKnownFileType = file.storyboard; name = Base; path = Base.lproj/Main.storyboard; sourceTree = "<group>"; };
		010F42812874BD2B006D101E /* Assets.xcassets */ = {isa = PBXFileReference; lastKnownFileType = folder.assetcatalog; path = Assets.xcassets; sourceTree = "<group>"; };
		010F42842874BD2B006D101E /* Base */ = {isa = PBXFileReference; lastKnownFileType = file.storyboard; name = Base; path = Base.lproj/LaunchScreen.storyboard; sourceTree = "<group>"; };
		010F42862874BD2B006D101E /* Info.plist */ = {isa = PBXFileReference; lastKnownFileType = text.plist.xml; path = Info.plist; sourceTree = "<group>"; };
		010F42872874BD2B006D101E /* main.m */ = {isa = PBXFileReference; lastKnownFileType = sourcecode.c.objc; path = main.m; sourceTree = "<group>"; };
		010F428D2874BD2C006D101E /* PlanMyTripTests.xctest */ = {isa = PBXFileReference; explicitFileType = wrapper.cfbundle; includeInIndex = 0; path = PlanMyTripTests.xctest; sourceTree = BUILT_PRODUCTS_DIR; };
		010F42912874BD2C006D101E /* PlanMyTripTests.m */ = {isa = PBXFileReference; lastKnownFileType = sourcecode.c.objc; path = PlanMyTripTests.m; sourceTree = "<group>"; };
		010F42972874BD2C006D101E /* PlanMyTripUITests.xctest */ = {isa = PBXFileReference; explicitFileType = wrapper.cfbundle; includeInIndex = 0; path = PlanMyTripUITests.xctest; sourceTree = BUILT_PRODUCTS_DIR; };
		010F429B2874BD2C006D101E /* PlanMyTripUITests.m */ = {isa = PBXFileReference; lastKnownFileType = sourcecode.c.objc; path = PlanMyTripUITests.m; sourceTree = "<group>"; };
		010F429D2874BD2C006D101E /* PlanMyTripUITestsLaunchTests.m */ = {isa = PBXFileReference; lastKnownFileType = sourcecode.c.objc; path = PlanMyTripUITestsLaunchTests.m; sourceTree = "<group>"; };
		010F42AA2874D8B5006D101E /* SignUpViewController.h */ = {isa = PBXFileReference; lastKnownFileType = sourcecode.c.h; path = SignUpViewController.h; sourceTree = "<group>"; };
		010F42AB2874D8B5006D101E /* SignUpViewController.m */ = {isa = PBXFileReference; lastKnownFileType = sourcecode.c.objc; path = SignUpViewController.m; sourceTree = "<group>"; };
		010F42AD2874D905006D101E /* SignInViewController.h */ = {isa = PBXFileReference; lastKnownFileType = sourcecode.c.h; path = SignInViewController.h; sourceTree = "<group>"; };
		010F42AE2874D905006D101E /* SignInViewController.m */ = {isa = PBXFileReference; lastKnownFileType = sourcecode.c.objc; path = SignInViewController.m; sourceTree = "<group>"; };
		010F42B628760272006D101E /* HomeViewController.h */ = {isa = PBXFileReference; lastKnownFileType = sourcecode.c.h; path = HomeViewController.h; sourceTree = "<group>"; };
		010F42B728760272006D101E /* HomeViewController.m */ = {isa = PBXFileReference; lastKnownFileType = sourcecode.c.objc; path = HomeViewController.m; sourceTree = "<group>"; };
		010F42B928760E4F006D101E /* TripTypeViewController.h */ = {isa = PBXFileReference; lastKnownFileType = sourcecode.c.h; path = TripTypeViewController.h; sourceTree = "<group>"; };
		010F42BA28760E4F006D101E /* TripTypeViewController.m */ = {isa = PBXFileReference; lastKnownFileType = sourcecode.c.objc; path = TripTypeViewController.m; sourceTree = "<group>"; };
		010F42C9287764C4006D101E /* SelectServicesViewController.h */ = {isa = PBXFileReference; lastKnownFileType = sourcecode.c.h; name = SelectServicesViewController.h; path = /Users/fabdel20/Desktop/Projects/PlanMyTrip/PlanMyTrip/PlanMyTrip/SelectServicesViewController.h; sourceTree = "<absolute>"; };
		010F42CA287764C7006D101E /* SelectServicesViewController.m */ = {isa = PBXFileReference; lastKnownFileType = sourcecode.c.objc; name = SelectServicesViewController.m; path = /Users/fabdel20/Desktop/Projects/PlanMyTrip/PlanMyTrip/PlanMyTrip/SelectServicesViewController.m; sourceTree = "<absolute>"; };
		0167F9432878A1A80085F4C6 /* FlightRequirmentsViewController.h */ = {isa = PBXFileReference; lastKnownFileType = sourcecode.c.h; path = FlightRequirmentsViewController.h; sourceTree = "<group>"; };
		0167F9442878A1A80085F4C6 /* FlightRequirmentsViewController.m */ = {isa = PBXFileReference; lastKnownFileType = sourcecode.c.objc; path = FlightRequirmentsViewController.m; sourceTree = "<group>"; };
		0167F9482878B1F10085F4C6 /* HotelRequirementsViewController.m */ = {isa = PBXFileReference; lastKnownFileType = sourcecode.c.objc; path = HotelRequirementsViewController.m; sourceTree = "<group>"; };
		0167F94A2878B1F80085F4C6 /* HotelRequirementsViewController.h */ = {isa = PBXFileReference; lastKnownFileType = sourcecode.c.h; path = HotelRequirementsViewController.h; sourceTree = "<group>"; };
		0167F94D2878F00B0085F4C6 /* CarRequirmentsViewController.m */ = {isa = PBXFileReference; lastKnownFileType = sourcecode.c.objc; path = CarRequirmentsViewController.m; sourceTree = "<group>"; };
		0167F94F2878F00E0085F4C6 /* CarRequirmentsViewController.h */ = {isa = PBXFileReference; lastKnownFileType = sourcecode.c.h; path = CarRequirmentsViewController.h; sourceTree = "<group>"; };
		0167F950287C976B0085F4C6 /* Flights_Information.h */ = {isa = PBXFileReference; lastKnownFileType = sourcecode.c.h; path = Flights_Information.h; sourceTree = "<group>"; };
		0167F951287C976B0085F4C6 /* Flights_Information.m */ = {isa = PBXFileReference; lastKnownFileType = sourcecode.c.objc; path = Flights_Information.m; sourceTree = "<group>"; };
		0167F953287C9C320085F4C6 /* Hotels_Information.h */ = {isa = PBXFileReference; lastKnownFileType = sourcecode.c.h; path = Hotels_Information.h; sourceTree = "<group>"; };
		0167F954287C9C320085F4C6 /* Hotels_Information.m */ = {isa = PBXFileReference; lastKnownFileType = sourcecode.c.objc; path = Hotels_Information.m; sourceTree = "<group>"; };
		0167F956287C9D370085F4C6 /* Cars_Information.h */ = {isa = PBXFileReference; lastKnownFileType = sourcecode.c.h; path = Cars_Information.h; sourceTree = "<group>"; };
		0167F957287C9D370085F4C6 /* Cars_Information.m */ = {isa = PBXFileReference; lastKnownFileType = sourcecode.c.objc; path = Cars_Information.m; sourceTree = "<group>"; };
		0167F959287CC3C20085F4C6 /* ResultsViewController.h */ = {isa = PBXFileReference; lastKnownFileType = sourcecode.c.h; path = ResultsViewController.h; sourceTree = "<group>"; };
		0167F95A287CC3C20085F4C6 /* ResultsViewController.m */ = {isa = PBXFileReference; lastKnownFileType = sourcecode.c.objc; path = ResultsViewController.m; sourceTree = "<group>"; };
		0167F95D287CE9950085F4C6 /* Property List.plist */ = {isa = PBXFileReference; lastKnownFileType = text.plist.xml; path = "Property List.plist"; sourceTree = "<group>"; };
		0167F961288B10250085F4C6 /* DisplayResultsViewController.h */ = {isa = PBXFileReference; lastKnownFileType = sourcecode.c.h; path = DisplayResultsViewController.h; sourceTree = "<group>"; };
		0167F962288B10250085F4C6 /* DisplayResultsViewController.m */ = {isa = PBXFileReference; lastKnownFileType = sourcecode.c.objc; path = DisplayResultsViewController.m; sourceTree = "<group>"; };
		01BF7D312896F4630078E4BC /* FlightFilterViewController.h */ = {isa = PBXFileReference; lastKnownFileType = sourcecode.c.h; path = FlightFilterViewController.h; sourceTree = "<group>"; };
		01BF7D322896F4630078E4BC /* FlightFilterViewController.m */ = {isa = PBXFileReference; lastKnownFileType = sourcecode.c.objc; path = FlightFilterViewController.m; sourceTree = "<group>"; };
		01BF7D342896F4CB0078E4BC /* HotelFilterViewController.h */ = {isa = PBXFileReference; lastKnownFileType = sourcecode.c.h; path = HotelFilterViewController.h; sourceTree = "<group>"; };
		01BF7D352896F4CB0078E4BC /* HotelFilterViewController.m */ = {isa = PBXFileReference; lastKnownFileType = sourcecode.c.objc; path = HotelFilterViewController.m; sourceTree = "<group>"; };
		01BF7D372896F5540078E4BC /* CarFilterViewController.h */ = {isa = PBXFileReference; lastKnownFileType = sourcecode.c.h; path = CarFilterViewController.h; sourceTree = "<group>"; };
		01BF7D382896F5540078E4BC /* CarFilterViewController.m */ = {isa = PBXFileReference; lastKnownFileType = sourcecode.c.objc; path = CarFilterViewController.m; sourceTree = "<group>"; };
		01BF7D3A289D92390078E4BC /* TripTableViewCell.h */ = {isa = PBXFileReference; lastKnownFileType = sourcecode.c.h; path = TripTableViewCell.h; sourceTree = "<group>"; };
		01BF7D3B289D92390078E4BC /* TripTableViewCell.m */ = {isa = PBXFileReference; lastKnownFileType = sourcecode.c.objc; path = TripTableViewCell.m; sourceTree = "<group>"; };
		1018D1E939FBA7E9CEA4BBE6 /* Pods-PlanMyTripTests.release.xcconfig */ = {isa = PBXFileReference; includeInIndex = 1; lastKnownFileType = text.xcconfig; name = "Pods-PlanMyTripTests.release.xcconfig"; path = "Target Support Files/Pods-PlanMyTripTests/Pods-PlanMyTripTests.release.xcconfig"; sourceTree = "<group>"; };
		30F1811EA646716ED1A1995A /* Pods_PlanMyTrip.framework */ = {isa = PBXFileReference; explicitFileType = wrapper.framework; includeInIndex = 0; path = Pods_PlanMyTrip.framework; sourceTree = BUILT_PRODUCTS_DIR; };
		36CCE5AED5E7F0A110402D2C /* Pods-PlanMyTripTests.debug.xcconfig */ = {isa = PBXFileReference; includeInIndex = 1; lastKnownFileType = text.xcconfig; name = "Pods-PlanMyTripTests.debug.xcconfig"; path = "Target Support Files/Pods-PlanMyTripTests/Pods-PlanMyTripTests.debug.xcconfig"; sourceTree = "<group>"; };
		899E7F247C96E1C51F6ECB98 /* Pods_PlanMyTrip_PlanMyTripUITests.framework */ = {isa = PBXFileReference; explicitFileType = wrapper.framework; includeInIndex = 0; path = Pods_PlanMyTrip_PlanMyTripUITests.framework; sourceTree = BUILT_PRODUCTS_DIR; };
		AB552E10AB8EAC00A46C132E /* Pods-PlanMyTrip.release.xcconfig */ = {isa = PBXFileReference; includeInIndex = 1; lastKnownFileType = text.xcconfig; name = "Pods-PlanMyTrip.release.xcconfig"; path = "Target Support Files/Pods-PlanMyTrip/Pods-PlanMyTrip.release.xcconfig"; sourceTree = "<group>"; };
		AD8EFC1BCA707BBDB017BB80 /* Pods-PlanMyTrip-PlanMyTripUITests.release.xcconfig */ = {isa = PBXFileReference; includeInIndex = 1; lastKnownFileType = text.xcconfig; name = "Pods-PlanMyTrip-PlanMyTripUITests.release.xcconfig"; path = "Target Support Files/Pods-PlanMyTrip-PlanMyTripUITests/Pods-PlanMyTrip-PlanMyTripUITests.release.xcconfig"; sourceTree = "<group>"; };
		C215123C3FF651608DE683F0 /* Pods-PlanMyTrip-PlanMyTripUITests.debug.xcconfig */ = {isa = PBXFileReference; includeInIndex = 1; lastKnownFileType = text.xcconfig; name = "Pods-PlanMyTrip-PlanMyTripUITests.debug.xcconfig"; path = "Target Support Files/Pods-PlanMyTrip-PlanMyTripUITests/Pods-PlanMyTrip-PlanMyTripUITests.debug.xcconfig"; sourceTree = "<group>"; };
		CBBADCC2173EEE170DD9E2BD /* Pods_PlanMyTripTests.framework */ = {isa = PBXFileReference; explicitFileType = wrapper.framework; includeInIndex = 0; path = Pods_PlanMyTripTests.framework; sourceTree = BUILT_PRODUCTS_DIR; };
		D64486A48C05EEC853A5C601 /* Pods-PlanMyTrip.debug.xcconfig */ = {isa = PBXFileReference; includeInIndex = 1; lastKnownFileType = text.xcconfig; name = "Pods-PlanMyTrip.debug.xcconfig"; path = "Target Support Files/Pods-PlanMyTrip/Pods-PlanMyTrip.debug.xcconfig"; sourceTree = "<group>"; };
/* End PBXFileReference section */

/* Begin PBXFrameworksBuildPhase section */
		010F426F2874BD29006D101E /* Frameworks */ = {
			isa = PBXFrameworksBuildPhase;
			buildActionMask = 2147483647;
			files = (
				A7FF21666711CF69270204EB /* Pods_PlanMyTrip.framework in Frameworks */,
			);
			runOnlyForDeploymentPostprocessing = 0;
		};
		010F428A2874BD2C006D101E /* Frameworks */ = {
			isa = PBXFrameworksBuildPhase;
			buildActionMask = 2147483647;
			files = (
				A0B4AE45AB6D3D4DEDD64F83 /* Pods_PlanMyTripTests.framework in Frameworks */,
			);
			runOnlyForDeploymentPostprocessing = 0;
		};
		010F42942874BD2C006D101E /* Frameworks */ = {
			isa = PBXFrameworksBuildPhase;
			buildActionMask = 2147483647;
			files = (
				380D04BE09E776D66DD1A6DE /* Pods_PlanMyTrip_PlanMyTripUITests.framework in Frameworks */,
			);
			runOnlyForDeploymentPostprocessing = 0;
		};
/* End PBXFrameworksBuildPhase section */

/* Begin PBXGroup section */
		010F42692874BD29006D101E = {
			isa = PBXGroup;
			children = (
				010F42742874BD29006D101E /* PlanMyTrip */,
				010F42902874BD2C006D101E /* PlanMyTripTests */,
				010F429A2874BD2C006D101E /* PlanMyTripUITests */,
				010F42732874BD29006D101E /* Products */,
				5080A95AB6B9AA6F93162B5F /* Pods */,
				58AE3FF6096071CCE7CAB0F6 /* Frameworks */,
			);
			sourceTree = "<group>";
		};
		010F42732874BD29006D101E /* Products */ = {
			isa = PBXGroup;
			children = (
				010F42722874BD29006D101E /* PlanMyTrip.app */,
				010F428D2874BD2C006D101E /* PlanMyTripTests.xctest */,
				010F42972874BD2C006D101E /* PlanMyTripUITests.xctest */,
			);
			name = Products;
			sourceTree = "<group>";
		};
		010F42742874BD29006D101E /* PlanMyTrip */ = {
			isa = PBXGroup;
			children = (
				0167F95E2880A0540085F4C6 /* View Controllers */,
				0167F95F2880A1760085F4C6 /* Delegate */,
				010F427E2874BD2A006D101E /* Main.storyboard */,
				0167F9602880A1AD0085F4C6 /* Models */,
				010F42812874BD2B006D101E /* Assets.xcassets */,
				0167F95D287CE9950085F4C6 /* Property List.plist */,
				010F42832874BD2B006D101E /* LaunchScreen.storyboard */,
				010F42862874BD2B006D101E /* Info.plist */,
				010F42872874BD2B006D101E /* main.m */,
			);
			path = PlanMyTrip;
			sourceTree = "<group>";
		};
		010F42902874BD2C006D101E /* PlanMyTripTests */ = {
			isa = PBXGroup;
			children = (
				010F42912874BD2C006D101E /* PlanMyTripTests.m */,
			);
			path = PlanMyTripTests;
			sourceTree = "<group>";
		};
		010F429A2874BD2C006D101E /* PlanMyTripUITests */ = {
			isa = PBXGroup;
			children = (
				010F429B2874BD2C006D101E /* PlanMyTripUITests.m */,
				010F429D2874BD2C006D101E /* PlanMyTripUITestsLaunchTests.m */,
			);
			path = PlanMyTripUITests;
			sourceTree = "<group>";
		};
		0167F95E2880A0540085F4C6 /* View Controllers */ = {
			isa = PBXGroup;
			children = (
				01BF7D322896F4630078E4BC /* FlightFilterViewController.m */,
				01BF7D312896F4630078E4BC /* FlightFilterViewController.h */,
				010F42CA287764C7006D101E /* SelectServicesViewController.m */,
				010F42C9287764C4006D101E /* SelectServicesViewController.h */,
				010F42B728760272006D101E /* HomeViewController.m */,
				010F42B628760272006D101E /* HomeViewController.h */,
				010F42B928760E4F006D101E /* TripTypeViewController.h */,
				010F42BA28760E4F006D101E /* TripTypeViewController.m */,
				010F427B2874BD29006D101E /* ViewController.h */,
				0167F959287CC3C20085F4C6 /* ResultsViewController.h */,
				0167F95A287CC3C20085F4C6 /* ResultsViewController.m */,
				010F427C2874BD2A006D101E /* ViewController.m */,
				0167F9442878A1A80085F4C6 /* FlightRequirmentsViewController.m */,
				0167F9432878A1A80085F4C6 /* FlightRequirmentsViewController.h */,
				010F42AD2874D905006D101E /* SignInViewController.h */,
				010F42AE2874D905006D101E /* SignInViewController.m */,
				0167F9482878B1F10085F4C6 /* HotelRequirementsViewController.m */,
				0167F94A2878B1F80085F4C6 /* HotelRequirementsViewController.h */,
				010F42AA2874D8B5006D101E /* SignUpViewController.h */,
				010F42AB2874D8B5006D101E /* SignUpViewController.m */,
				0167F94D2878F00B0085F4C6 /* CarRequirmentsViewController.m */,
				0167F961288B10250085F4C6 /* DisplayResultsViewController.h */,
				0167F962288B10250085F4C6 /* DisplayResultsViewController.m */,
				0167F94F2878F00E0085F4C6 /* CarRequirmentsViewController.h */,
				01BF7D352896F4CB0078E4BC /* HotelFilterViewController.m */,
				01BF7D342896F4CB0078E4BC /* HotelFilterViewController.h */,
				01BF7D372896F5540078E4BC /* CarFilterViewController.h */,
				01BF7D3B289D92390078E4BC /* TripTableViewCell.m */,
				01BF7D3A289D92390078E4BC /* TripTableViewCell.h */,
				01BF7D382896F5540078E4BC /* CarFilterViewController.m */,
			);
			name = "View Controllers";
			path = "PlanMyTrip/View Controllers";
			sourceTree = SOURCE_ROOT;
		};
		0167F95F2880A1760085F4C6 /* Delegate */ = {
			isa = PBXGroup;
			children = (
				010F42762874BD29006D101E /* AppDelegate.m */,
				010F42782874BD29006D101E /* SceneDelegate.h */,
				010F42792874BD29006D101E /* SceneDelegate.m */,
				010F42752874BD29006D101E /* AppDelegate.h */,
			);
			path = Delegate;
			sourceTree = "<group>";
		};
		0167F9602880A1AD0085F4C6 /* Models */ = {
			isa = PBXGroup;
			children = (
				0167F951287C976B0085F4C6 /* Flights_Information.m */,
				0167F950287C976B0085F4C6 /* Flights_Information.h */,
				0167F954287C9C320085F4C6 /* Hotels_Information.m */,
				0167F953287C9C320085F4C6 /* Hotels_Information.h */,
				0167F957287C9D370085F4C6 /* Cars_Information.m */,
				0167F956287C9D370085F4C6 /* Cars_Information.h */,
			);
			path = Models;
			sourceTree = "<group>";
		};
		5080A95AB6B9AA6F93162B5F /* Pods */ = {
			isa = PBXGroup;
			children = (
				D64486A48C05EEC853A5C601 /* Pods-PlanMyTrip.debug.xcconfig */,
				AB552E10AB8EAC00A46C132E /* Pods-PlanMyTrip.release.xcconfig */,
				C215123C3FF651608DE683F0 /* Pods-PlanMyTrip-PlanMyTripUITests.debug.xcconfig */,
				AD8EFC1BCA707BBDB017BB80 /* Pods-PlanMyTrip-PlanMyTripUITests.release.xcconfig */,
				36CCE5AED5E7F0A110402D2C /* Pods-PlanMyTripTests.debug.xcconfig */,
				1018D1E939FBA7E9CEA4BBE6 /* Pods-PlanMyTripTests.release.xcconfig */,
			);
			path = Pods;
			sourceTree = "<group>";
		};
		58AE3FF6096071CCE7CAB0F6 /* Frameworks */ = {
			isa = PBXGroup;
			children = (
				30F1811EA646716ED1A1995A /* Pods_PlanMyTrip.framework */,
				899E7F247C96E1C51F6ECB98 /* Pods_PlanMyTrip_PlanMyTripUITests.framework */,
				CBBADCC2173EEE170DD9E2BD /* Pods_PlanMyTripTests.framework */,
			);
			name = Frameworks;
			sourceTree = "<group>";
		};
/* End PBXGroup section */

/* Begin PBXNativeTarget section */
		010F42712874BD29006D101E /* PlanMyTrip */ = {
			isa = PBXNativeTarget;
			buildConfigurationList = 010F42A12874BD2C006D101E /* Build configuration list for PBXNativeTarget "PlanMyTrip" */;
			buildPhases = (
				184513DF57B43F42E9962F4A /* [CP] Check Pods Manifest.lock */,
				010F426E2874BD29006D101E /* Sources */,
				010F426F2874BD29006D101E /* Frameworks */,
				010F42702874BD29006D101E /* Resources */,
				B040869A0240E115607EC5D8 /* [CP] Embed Pods Frameworks */,
			);
			buildRules = (
			);
			dependencies = (
			);
			name = PlanMyTrip;
			productName = PlanMyTrip;
			productReference = 010F42722874BD29006D101E /* PlanMyTrip.app */;
			productType = "com.apple.product-type.application";
		};
		010F428C2874BD2C006D101E /* PlanMyTripTests */ = {
			isa = PBXNativeTarget;
			buildConfigurationList = 010F42A42874BD2C006D101E /* Build configuration list for PBXNativeTarget "PlanMyTripTests" */;
			buildPhases = (
				2F2A8FB21731A70918227075 /* [CP] Check Pods Manifest.lock */,
				010F42892874BD2C006D101E /* Sources */,
				010F428A2874BD2C006D101E /* Frameworks */,
				010F428B2874BD2C006D101E /* Resources */,
			);
			buildRules = (
			);
			dependencies = (
				010F428F2874BD2C006D101E /* PBXTargetDependency */,
			);
			name = PlanMyTripTests;
			productName = PlanMyTripTests;
			productReference = 010F428D2874BD2C006D101E /* PlanMyTripTests.xctest */;
			productType = "com.apple.product-type.bundle.unit-test";
		};
		010F42962874BD2C006D101E /* PlanMyTripUITests */ = {
			isa = PBXNativeTarget;
			buildConfigurationList = 010F42A72874BD2C006D101E /* Build configuration list for PBXNativeTarget "PlanMyTripUITests" */;
			buildPhases = (
				7A9A2B8A6F0CAF2E6486774E /* [CP] Check Pods Manifest.lock */,
				010F42932874BD2C006D101E /* Sources */,
				010F42942874BD2C006D101E /* Frameworks */,
				010F42952874BD2C006D101E /* Resources */,
				587EE021DCE80ED2B1A02002 /* [CP] Embed Pods Frameworks */,
			);
			buildRules = (
			);
			dependencies = (
				010F42992874BD2C006D101E /* PBXTargetDependency */,
			);
			name = PlanMyTripUITests;
			productName = PlanMyTripUITests;
			productReference = 010F42972874BD2C006D101E /* PlanMyTripUITests.xctest */;
			productType = "com.apple.product-type.bundle.ui-testing";
		};
/* End PBXNativeTarget section */

/* Begin PBXProject section */
		010F426A2874BD29006D101E /* Project object */ = {
			isa = PBXProject;
			attributes = {
				BuildIndependentTargetsInParallel = 1;
				LastUpgradeCheck = 1340;
				TargetAttributes = {
					010F42712874BD29006D101E = {
						CreatedOnToolsVersion = 13.4;
					};
					010F428C2874BD2C006D101E = {
						CreatedOnToolsVersion = 13.4;
						TestTargetID = 010F42712874BD29006D101E;
					};
					010F42962874BD2C006D101E = {
						CreatedOnToolsVersion = 13.4;
						TestTargetID = 010F42712874BD29006D101E;
					};
				};
			};
			buildConfigurationList = 010F426D2874BD29006D101E /* Build configuration list for PBXProject "PlanMyTrip" */;
			compatibilityVersion = "Xcode 13.0";
			developmentRegion = en;
			hasScannedForEncodings = 0;
			knownRegions = (
				en,
				Base,
			);
			mainGroup = 010F42692874BD29006D101E;
			productRefGroup = 010F42732874BD29006D101E /* Products */;
			projectDirPath = "";
			projectRoot = "";
			targets = (
				010F42712874BD29006D101E /* PlanMyTrip */,
				010F428C2874BD2C006D101E /* PlanMyTripTests */,
				010F42962874BD2C006D101E /* PlanMyTripUITests */,
			);
		};
/* End PBXProject section */

/* Begin PBXResourcesBuildPhase section */
		010F42702874BD29006D101E /* Resources */ = {
			isa = PBXResourcesBuildPhase;
			buildActionMask = 2147483647;
			files = (
				010F42852874BD2B006D101E /* LaunchScreen.storyboard in Resources */,
				010F42822874BD2B006D101E /* Assets.xcassets in Resources */,
				010F42802874BD2A006D101E /* Main.storyboard in Resources */,
			);
			runOnlyForDeploymentPostprocessing = 0;
		};
		010F428B2874BD2C006D101E /* Resources */ = {
			isa = PBXResourcesBuildPhase;
			buildActionMask = 2147483647;
			files = (
			);
			runOnlyForDeploymentPostprocessing = 0;
		};
		010F42952874BD2C006D101E /* Resources */ = {
			isa = PBXResourcesBuildPhase;
			buildActionMask = 2147483647;
			files = (
			);
			runOnlyForDeploymentPostprocessing = 0;
		};
/* End PBXResourcesBuildPhase section */

/* Begin PBXShellScriptBuildPhase section */
		184513DF57B43F42E9962F4A /* [CP] Check Pods Manifest.lock */ = {
			isa = PBXShellScriptBuildPhase;
			buildActionMask = 2147483647;
			files = (
			);
			inputFileListPaths = (
			);
			inputPaths = (
				"${PODS_PODFILE_DIR_PATH}/Podfile.lock",
				"${PODS_ROOT}/Manifest.lock",
			);
			name = "[CP] Check Pods Manifest.lock";
			outputFileListPaths = (
			);
			outputPaths = (
				"$(DERIVED_FILE_DIR)/Pods-PlanMyTrip-checkManifestLockResult.txt",
			);
			runOnlyForDeploymentPostprocessing = 0;
			shellPath = /bin/sh;
			shellScript = "diff \"${PODS_PODFILE_DIR_PATH}/Podfile.lock\" \"${PODS_ROOT}/Manifest.lock\" > /dev/null\nif [ $? != 0 ] ; then\n    # print error to STDERR\n    echo \"error: The sandbox is not in sync with the Podfile.lock. Run 'pod install' or update your CocoaPods installation.\" >&2\n    exit 1\nfi\n# This output is used by Xcode 'outputs' to avoid re-running this script phase.\necho \"SUCCESS\" > \"${SCRIPT_OUTPUT_FILE_0}\"\n";
			showEnvVarsInLog = 0;
		};
		2F2A8FB21731A70918227075 /* [CP] Check Pods Manifest.lock */ = {
			isa = PBXShellScriptBuildPhase;
			buildActionMask = 2147483647;
			files = (
			);
			inputFileListPaths = (
			);
			inputPaths = (
				"${PODS_PODFILE_DIR_PATH}/Podfile.lock",
				"${PODS_ROOT}/Manifest.lock",
			);
			name = "[CP] Check Pods Manifest.lock";
			outputFileListPaths = (
			);
			outputPaths = (
				"$(DERIVED_FILE_DIR)/Pods-PlanMyTripTests-checkManifestLockResult.txt",
			);
			runOnlyForDeploymentPostprocessing = 0;
			shellPath = /bin/sh;
			shellScript = "diff \"${PODS_PODFILE_DIR_PATH}/Podfile.lock\" \"${PODS_ROOT}/Manifest.lock\" > /dev/null\nif [ $? != 0 ] ; then\n    # print error to STDERR\n    echo \"error: The sandbox is not in sync with the Podfile.lock. Run 'pod install' or update your CocoaPods installation.\" >&2\n    exit 1\nfi\n# This output is used by Xcode 'outputs' to avoid re-running this script phase.\necho \"SUCCESS\" > \"${SCRIPT_OUTPUT_FILE_0}\"\n";
			showEnvVarsInLog = 0;
		};
		587EE021DCE80ED2B1A02002 /* [CP] Embed Pods Frameworks */ = {
			isa = PBXShellScriptBuildPhase;
			buildActionMask = 2147483647;
			files = (
			);
			inputFileListPaths = (
				"${PODS_ROOT}/Target Support Files/Pods-PlanMyTrip-PlanMyTripUITests/Pods-PlanMyTrip-PlanMyTripUITests-frameworks-${CONFIGURATION}-input-files.xcfilelist",
			);
			name = "[CP] Embed Pods Frameworks";
			outputFileListPaths = (
				"${PODS_ROOT}/Target Support Files/Pods-PlanMyTrip-PlanMyTripUITests/Pods-PlanMyTrip-PlanMyTripUITests-frameworks-${CONFIGURATION}-output-files.xcfilelist",
			);
			runOnlyForDeploymentPostprocessing = 0;
			shellPath = /bin/sh;
			shellScript = "\"${PODS_ROOT}/Target Support Files/Pods-PlanMyTrip-PlanMyTripUITests/Pods-PlanMyTrip-PlanMyTripUITests-frameworks.sh\"\n";
			showEnvVarsInLog = 0;
		};
		7A9A2B8A6F0CAF2E6486774E /* [CP] Check Pods Manifest.lock */ = {
			isa = PBXShellScriptBuildPhase;
			buildActionMask = 2147483647;
			files = (
			);
			inputFileListPaths = (
			);
			inputPaths = (
				"${PODS_PODFILE_DIR_PATH}/Podfile.lock",
				"${PODS_ROOT}/Manifest.lock",
			);
			name = "[CP] Check Pods Manifest.lock";
			outputFileListPaths = (
			);
			outputPaths = (
				"$(DERIVED_FILE_DIR)/Pods-PlanMyTrip-PlanMyTripUITests-checkManifestLockResult.txt",
			);
			runOnlyForDeploymentPostprocessing = 0;
			shellPath = /bin/sh;
			shellScript = "diff \"${PODS_PODFILE_DIR_PATH}/Podfile.lock\" \"${PODS_ROOT}/Manifest.lock\" > /dev/null\nif [ $? != 0 ] ; then\n    # print error to STDERR\n    echo \"error: The sandbox is not in sync with the Podfile.lock. Run 'pod install' or update your CocoaPods installation.\" >&2\n    exit 1\nfi\n# This output is used by Xcode 'outputs' to avoid re-running this script phase.\necho \"SUCCESS\" > \"${SCRIPT_OUTPUT_FILE_0}\"\n";
			showEnvVarsInLog = 0;
		};
		B040869A0240E115607EC5D8 /* [CP] Embed Pods Frameworks */ = {
			isa = PBXShellScriptBuildPhase;
			buildActionMask = 2147483647;
			files = (
			);
			inputFileListPaths = (
				"${PODS_ROOT}/Target Support Files/Pods-PlanMyTrip/Pods-PlanMyTrip-frameworks-${CONFIGURATION}-input-files.xcfilelist",
			);
			name = "[CP] Embed Pods Frameworks";
			outputFileListPaths = (
				"${PODS_ROOT}/Target Support Files/Pods-PlanMyTrip/Pods-PlanMyTrip-frameworks-${CONFIGURATION}-output-files.xcfilelist",
			);
			runOnlyForDeploymentPostprocessing = 0;
			shellPath = /bin/sh;
			shellScript = "\"${PODS_ROOT}/Target Support Files/Pods-PlanMyTrip/Pods-PlanMyTrip-frameworks.sh\"\n";
			showEnvVarsInLog = 0;
		};
/* End PBXShellScriptBuildPhase section */

/* Begin PBXSourcesBuildPhase section */
		010F426E2874BD29006D101E /* Sources */ = {
			isa = PBXSourcesBuildPhase;
			buildActionMask = 2147483647;
			files = (
				0167F9452878A1A80085F4C6 /* FlightRequirmentsViewController.m in Sources */,
				0167F963288B10250085F4C6 /* DisplayResultsViewController.m in Sources */,
				01BF7D3C289D92390078E4BC /* TripTableViewCell.m in Sources */,
				0167F952287C976B0085F4C6 /* Flights_Information.m in Sources */,
				01BF7D392896F5540078E4BC /* CarFilterViewController.m in Sources */,
				0167F9492878B1F10085F4C6 /* HotelRequirementsViewController.m in Sources */,
				0167F95B287CC3C20085F4C6 /* ResultsViewController.m in Sources */,
				0167F955287C9C320085F4C6 /* Hotels_Information.m in Sources */,
				010F427D2874BD2A006D101E /* ViewController.m in Sources */,
				010F42AC2874D8B5006D101E /* SignUpViewController.m in Sources */,
				010F42772874BD29006D101E /* AppDelegate.m in Sources */,
				01BF7D362896F4CB0078E4BC /* HotelFilterViewController.m in Sources */,
				010F42BB28760E4F006D101E /* TripTypeViewController.m in Sources */,
				01BF7D332896F4630078E4BC /* FlightFilterViewController.m in Sources */,
				010F42882874BD2B006D101E /* main.m in Sources */,
				010F42AF2874D905006D101E /* SignInViewController.m in Sources */,
				0167F958287C9D370085F4C6 /* Cars_Information.m in Sources */,
				010F42CB287764C7006D101E /* SelectServicesViewController.m in Sources */,
				0167F94E2878F00B0085F4C6 /* CarRequirmentsViewController.m in Sources */,
				010F42B828760272006D101E /* HomeViewController.m in Sources */,
				010F427A2874BD29006D101E /* SceneDelegate.m in Sources */,
			);
			runOnlyForDeploymentPostprocessing = 0;
		};
		010F42892874BD2C006D101E /* Sources */ = {
			isa = PBXSourcesBuildPhase;
			buildActionMask = 2147483647;
			files = (
				010F42922874BD2C006D101E /* PlanMyTripTests.m in Sources */,
			);
			runOnlyForDeploymentPostprocessing = 0;
		};
		010F42932874BD2C006D101E /* Sources */ = {
			isa = PBXSourcesBuildPhase;
			buildActionMask = 2147483647;
			files = (
				010F429E2874BD2C006D101E /* PlanMyTripUITestsLaunchTests.m in Sources */,
				010F429C2874BD2C006D101E /* PlanMyTripUITests.m in Sources */,
			);
			runOnlyForDeploymentPostprocessing = 0;
		};
/* End PBXSourcesBuildPhase section */

/* Begin PBXTargetDependency section */
		010F428F2874BD2C006D101E /* PBXTargetDependency */ = {
			isa = PBXTargetDependency;
			target = 010F42712874BD29006D101E /* PlanMyTrip */;
			targetProxy = 010F428E2874BD2C006D101E /* PBXContainerItemProxy */;
		};
		010F42992874BD2C006D101E /* PBXTargetDependency */ = {
			isa = PBXTargetDependency;
			target = 010F42712874BD29006D101E /* PlanMyTrip */;
			targetProxy = 010F42982874BD2C006D101E /* PBXContainerItemProxy */;
		};
/* End PBXTargetDependency section */

/* Begin PBXVariantGroup section */
		010F427E2874BD2A006D101E /* Main.storyboard */ = {
			isa = PBXVariantGroup;
			children = (
				010F427F2874BD2A006D101E /* Base */,
			);
			name = Main.storyboard;
			sourceTree = "<group>";
		};
		010F42832874BD2B006D101E /* LaunchScreen.storyboard */ = {
			isa = PBXVariantGroup;
			children = (
				010F42842874BD2B006D101E /* Base */,
			);
			name = LaunchScreen.storyboard;
			sourceTree = "<group>";
		};
/* End PBXVariantGroup section */

/* Begin XCBuildConfiguration section */
		010F429F2874BD2C006D101E /* Debug */ = {
			isa = XCBuildConfiguration;
			buildSettings = {
				ALWAYS_SEARCH_USER_PATHS = NO;
				CLANG_ANALYZER_NONNULL = YES;
				CLANG_ANALYZER_NUMBER_OBJECT_CONVERSION = YES_AGGRESSIVE;
				CLANG_CXX_LANGUAGE_STANDARD = "gnu++17";
				CLANG_ENABLE_MODULES = YES;
				CLANG_ENABLE_OBJC_ARC = YES;
				CLANG_ENABLE_OBJC_WEAK = YES;
				CLANG_WARN_BLOCK_CAPTURE_AUTORELEASING = YES;
				CLANG_WARN_BOOL_CONVERSION = YES;
				CLANG_WARN_COMMA = YES;
				CLANG_WARN_CONSTANT_CONVERSION = YES;
				CLANG_WARN_DEPRECATED_OBJC_IMPLEMENTATIONS = YES;
				CLANG_WARN_DIRECT_OBJC_ISA_USAGE = YES_ERROR;
				CLANG_WARN_DOCUMENTATION_COMMENTS = YES;
				CLANG_WARN_EMPTY_BODY = YES;
				CLANG_WARN_ENUM_CONVERSION = YES;
				CLANG_WARN_INFINITE_RECURSION = YES;
				CLANG_WARN_INT_CONVERSION = YES;
				CLANG_WARN_NON_LITERAL_NULL_CONVERSION = YES;
				CLANG_WARN_OBJC_IMPLICIT_RETAIN_SELF = YES;
				CLANG_WARN_OBJC_LITERAL_CONVERSION = YES;
				CLANG_WARN_OBJC_ROOT_CLASS = YES_ERROR;
				CLANG_WARN_QUOTED_INCLUDE_IN_FRAMEWORK_HEADER = YES;
				CLANG_WARN_RANGE_LOOP_ANALYSIS = YES;
				CLANG_WARN_STRICT_PROTOTYPES = YES;
				CLANG_WARN_SUSPICIOUS_MOVE = YES;
				CLANG_WARN_UNGUARDED_AVAILABILITY = YES_AGGRESSIVE;
				CLANG_WARN_UNREACHABLE_CODE = YES;
				CLANG_WARN__DUPLICATE_METHOD_MATCH = YES;
				COPY_PHASE_STRIP = NO;
				DEBUG_INFORMATION_FORMAT = dwarf;
				ENABLE_STRICT_OBJC_MSGSEND = YES;
				ENABLE_TESTABILITY = YES;
				GCC_C_LANGUAGE_STANDARD = gnu11;
				GCC_DYNAMIC_NO_PIC = NO;
				GCC_NO_COMMON_BLOCKS = YES;
				GCC_OPTIMIZATION_LEVEL = 0;
				GCC_PREPROCESSOR_DEFINITIONS = (
					"DEBUG=1",
					"$(inherited)",
				);
				GCC_WARN_64_TO_32_BIT_CONVERSION = YES;
				GCC_WARN_ABOUT_RETURN_TYPE = YES_ERROR;
				GCC_WARN_UNDECLARED_SELECTOR = YES;
				GCC_WARN_UNINITIALIZED_AUTOS = YES_AGGRESSIVE;
				GCC_WARN_UNUSED_FUNCTION = YES;
				GCC_WARN_UNUSED_VARIABLE = YES;
				IPHONEOS_DEPLOYMENT_TARGET = 15.5;
				MTL_ENABLE_DEBUG_INFO = INCLUDE_SOURCE;
				MTL_FAST_MATH = YES;
				ONLY_ACTIVE_ARCH = YES;
				SDKROOT = iphoneos;
			};
			name = Debug;
		};
		010F42A02874BD2C006D101E /* Release */ = {
			isa = XCBuildConfiguration;
			buildSettings = {
				ALWAYS_SEARCH_USER_PATHS = NO;
				CLANG_ANALYZER_NONNULL = YES;
				CLANG_ANALYZER_NUMBER_OBJECT_CONVERSION = YES_AGGRESSIVE;
				CLANG_CXX_LANGUAGE_STANDARD = "gnu++17";
				CLANG_ENABLE_MODULES = YES;
				CLANG_ENABLE_OBJC_ARC = YES;
				CLANG_ENABLE_OBJC_WEAK = YES;
				CLANG_WARN_BLOCK_CAPTURE_AUTORELEASING = YES;
				CLANG_WARN_BOOL_CONVERSION = YES;
				CLANG_WARN_COMMA = YES;
				CLANG_WARN_CONSTANT_CONVERSION = YES;
				CLANG_WARN_DEPRECATED_OBJC_IMPLEMENTATIONS = YES;
				CLANG_WARN_DIRECT_OBJC_ISA_USAGE = YES_ERROR;
				CLANG_WARN_DOCUMENTATION_COMMENTS = YES;
				CLANG_WARN_EMPTY_BODY = YES;
				CLANG_WARN_ENUM_CONVERSION = YES;
				CLANG_WARN_INFINITE_RECURSION = YES;
				CLANG_WARN_INT_CONVERSION = YES;
				CLANG_WARN_NON_LITERAL_NULL_CONVERSION = YES;
				CLANG_WARN_OBJC_IMPLICIT_RETAIN_SELF = YES;
				CLANG_WARN_OBJC_LITERAL_CONVERSION = YES;
				CLANG_WARN_OBJC_ROOT_CLASS = YES_ERROR;
				CLANG_WARN_QUOTED_INCLUDE_IN_FRAMEWORK_HEADER = YES;
				CLANG_WARN_RANGE_LOOP_ANALYSIS = YES;
				CLANG_WARN_STRICT_PROTOTYPES = YES;
				CLANG_WARN_SUSPICIOUS_MOVE = YES;
				CLANG_WARN_UNGUARDED_AVAILABILITY = YES_AGGRESSIVE;
				CLANG_WARN_UNREACHABLE_CODE = YES;
				CLANG_WARN__DUPLICATE_METHOD_MATCH = YES;
				COPY_PHASE_STRIP = NO;
				DEBUG_INFORMATION_FORMAT = "dwarf-with-dsym";
				ENABLE_NS_ASSERTIONS = NO;
				ENABLE_STRICT_OBJC_MSGSEND = YES;
				GCC_C_LANGUAGE_STANDARD = gnu11;
				GCC_NO_COMMON_BLOCKS = YES;
				GCC_WARN_64_TO_32_BIT_CONVERSION = YES;
				GCC_WARN_ABOUT_RETURN_TYPE = YES_ERROR;
				GCC_WARN_UNDECLARED_SELECTOR = YES;
				GCC_WARN_UNINITIALIZED_AUTOS = YES_AGGRESSIVE;
				GCC_WARN_UNUSED_FUNCTION = YES;
				GCC_WARN_UNUSED_VARIABLE = YES;
				IPHONEOS_DEPLOYMENT_TARGET = 15.5;
				MTL_ENABLE_DEBUG_INFO = NO;
				MTL_FAST_MATH = YES;
				SDKROOT = iphoneos;
				VALIDATE_PRODUCT = YES;
			};
			name = Release;
		};
		010F42A22874BD2C006D101E /* Debug */ = {
			isa = XCBuildConfiguration;
			baseConfigurationReference = D64486A48C05EEC853A5C601 /* Pods-PlanMyTrip.debug.xcconfig */;
			buildSettings = {
				ASSETCATALOG_COMPILER_APPICON_NAME = AppIcon;
				ASSETCATALOG_COMPILER_GLOBAL_ACCENT_COLOR_NAME = AccentColor;
				CODE_SIGN_STYLE = Automatic;
				CURRENT_PROJECT_VERSION = 1;
				GENERATE_INFOPLIST_FILE = YES;
				INFOPLIST_FILE = PlanMyTrip/Info.plist;
				INFOPLIST_KEY_UIApplicationSupportsIndirectInputEvents = YES;
				INFOPLIST_KEY_UILaunchStoryboardName = LaunchScreen;
				INFOPLIST_KEY_UIMainStoryboardFile = Main;
				INFOPLIST_KEY_UISupportedInterfaceOrientations_iPad = "UIInterfaceOrientationPortrait UIInterfaceOrientationPortraitUpsideDown UIInterfaceOrientationLandscapeLeft UIInterfaceOrientationLandscapeRight";
				INFOPLIST_KEY_UISupportedInterfaceOrientations_iPhone = "UIInterfaceOrientationPortrait UIInterfaceOrientationLandscapeLeft UIInterfaceOrientationLandscapeRight";
				LD_RUNPATH_SEARCH_PATHS = (
					"$(inherited)",
					"@executable_path/Frameworks",
				);
				MARKETING_VERSION = 1.0;
				PRODUCT_BUNDLE_IDENTIFIER = com.fabdel20.PlanMyTrip;
				PRODUCT_NAME = "$(TARGET_NAME)";
				SWIFT_EMIT_LOC_STRINGS = YES;
				TARGETED_DEVICE_FAMILY = "1,2";
			};
			name = Debug;
		};
		010F42A32874BD2C006D101E /* Release */ = {
			isa = XCBuildConfiguration;
			baseConfigurationReference = AB552E10AB8EAC00A46C132E /* Pods-PlanMyTrip.release.xcconfig */;
			buildSettings = {
				ASSETCATALOG_COMPILER_APPICON_NAME = AppIcon;
				ASSETCATALOG_COMPILER_GLOBAL_ACCENT_COLOR_NAME = AccentColor;
				CODE_SIGN_STYLE = Automatic;
				CURRENT_PROJECT_VERSION = 1;
				GENERATE_INFOPLIST_FILE = YES;
				INFOPLIST_FILE = PlanMyTrip/Info.plist;
				INFOPLIST_KEY_UIApplicationSupportsIndirectInputEvents = YES;
				INFOPLIST_KEY_UILaunchStoryboardName = LaunchScreen;
				INFOPLIST_KEY_UIMainStoryboardFile = Main;
				INFOPLIST_KEY_UISupportedInterfaceOrientations_iPad = "UIInterfaceOrientationPortrait UIInterfaceOrientationPortraitUpsideDown UIInterfaceOrientationLandscapeLeft UIInterfaceOrientationLandscapeRight";
				INFOPLIST_KEY_UISupportedInterfaceOrientations_iPhone = "UIInterfaceOrientationPortrait UIInterfaceOrientationLandscapeLeft UIInterfaceOrientationLandscapeRight";
				LD_RUNPATH_SEARCH_PATHS = (
					"$(inherited)",
					"@executable_path/Frameworks",
				);
				MARKETING_VERSION = 1.0;
				PRODUCT_BUNDLE_IDENTIFIER = com.fabdel20.PlanMyTrip;
				PRODUCT_NAME = "$(TARGET_NAME)";
				SWIFT_EMIT_LOC_STRINGS = YES;
				TARGETED_DEVICE_FAMILY = "1,2";
			};
			name = Release;
		};
		010F42A52874BD2C006D101E /* Debug */ = {
			isa = XCBuildConfiguration;
			baseConfigurationReference = 36CCE5AED5E7F0A110402D2C /* Pods-PlanMyTripTests.debug.xcconfig */;
			buildSettings = {
				BUNDLE_LOADER = "$(TEST_HOST)";
				CODE_SIGN_STYLE = Automatic;
				CURRENT_PROJECT_VERSION = 1;
				GENERATE_INFOPLIST_FILE = YES;
				IPHONEOS_DEPLOYMENT_TARGET = 15.5;
				MARKETING_VERSION = 1.0;
				PRODUCT_BUNDLE_IDENTIFIER = com.fabdel20.PlanMyTripTests;
				PRODUCT_NAME = "$(TARGET_NAME)";
				SWIFT_EMIT_LOC_STRINGS = NO;
				TARGETED_DEVICE_FAMILY = "1,2";
				TEST_HOST = "$(BUILT_PRODUCTS_DIR)/PlanMyTrip.app/PlanMyTrip";
			};
			name = Debug;
		};
		010F42A62874BD2C006D101E /* Release */ = {
			isa = XCBuildConfiguration;
			baseConfigurationReference = 1018D1E939FBA7E9CEA4BBE6 /* Pods-PlanMyTripTests.release.xcconfig */;
			buildSettings = {
				BUNDLE_LOADER = "$(TEST_HOST)";
				CODE_SIGN_STYLE = Automatic;
				CURRENT_PROJECT_VERSION = 1;
				GENERATE_INFOPLIST_FILE = YES;
				IPHONEOS_DEPLOYMENT_TARGET = 15.5;
				MARKETING_VERSION = 1.0;
				PRODUCT_BUNDLE_IDENTIFIER = com.fabdel20.PlanMyTripTests;
				PRODUCT_NAME = "$(TARGET_NAME)";
				SWIFT_EMIT_LOC_STRINGS = NO;
				TARGETED_DEVICE_FAMILY = "1,2";
				TEST_HOST = "$(BUILT_PRODUCTS_DIR)/PlanMyTrip.app/PlanMyTrip";
			};
			name = Release;
		};
		010F42A82874BD2C006D101E /* Debug */ = {
			isa = XCBuildConfiguration;
			baseConfigurationReference = C215123C3FF651608DE683F0 /* Pods-PlanMyTrip-PlanMyTripUITests.debug.xcconfig */;
			buildSettings = {
				CODE_SIGN_STYLE = Automatic;
				CURRENT_PROJECT_VERSION = 1;
				GENERATE_INFOPLIST_FILE = YES;
				MARKETING_VERSION = 1.0;
				PRODUCT_BUNDLE_IDENTIFIER = com.fabdel20.PlanMyTripUITests;
				PRODUCT_NAME = "$(TARGET_NAME)";
				SWIFT_EMIT_LOC_STRINGS = NO;
				TARGETED_DEVICE_FAMILY = "1,2";
				TEST_TARGET_NAME = PlanMyTrip;
			};
			name = Debug;
		};
		010F42A92874BD2C006D101E /* Release */ = {
			isa = XCBuildConfiguration;
			baseConfigurationReference = AD8EFC1BCA707BBDB017BB80 /* Pods-PlanMyTrip-PlanMyTripUITests.release.xcconfig */;
			buildSettings = {
				CODE_SIGN_STYLE = Automatic;
				CURRENT_PROJECT_VERSION = 1;
				GENERATE_INFOPLIST_FILE = YES;
				MARKETING_VERSION = 1.0;
				PRODUCT_BUNDLE_IDENTIFIER = com.fabdel20.PlanMyTripUITests;
				PRODUCT_NAME = "$(TARGET_NAME)";
				SWIFT_EMIT_LOC_STRINGS = NO;
				TARGETED_DEVICE_FAMILY = "1,2";
				TEST_TARGET_NAME = PlanMyTrip;
			};
			name = Release;
		};
/* End XCBuildConfiguration section */

/* Begin XCConfigurationList section */
		010F426D2874BD29006D101E /* Build configuration list for PBXProject "PlanMyTrip" */ = {
			isa = XCConfigurationList;
			buildConfigurations = (
				010F429F2874BD2C006D101E /* Debug */,
				010F42A02874BD2C006D101E /* Release */,
			);
			defaultConfigurationIsVisible = 0;
			defaultConfigurationName = Release;
		};
		010F42A12874BD2C006D101E /* Build configuration list for PBXNativeTarget "PlanMyTrip" */ = {
			isa = XCConfigurationList;
			buildConfigurations = (
				010F42A22874BD2C006D101E /* Debug */,
				010F42A32874BD2C006D101E /* Release */,
			);
			defaultConfigurationIsVisible = 0;
			defaultConfigurationName = Release;
		};
		010F42A42874BD2C006D101E /* Build configuration list for PBXNativeTarget "PlanMyTripTests" */ = {
			isa = XCConfigurationList;
			buildConfigurations = (
				010F42A52874BD2C006D101E /* Debug */,
				010F42A62874BD2C006D101E /* Release */,
			);
			defaultConfigurationIsVisible = 0;
			defaultConfigurationName = Release;
		};
		010F42A72874BD2C006D101E /* Build configuration list for PBXNativeTarget "PlanMyTripUITests" */ = {
			isa = XCConfigurationList;
			buildConfigurations = (
				010F42A82874BD2C006D101E /* Debug */,
				010F42A92874BD2C006D101E /* Release */,
			);
			defaultConfigurationIsVisible = 0;
			defaultConfigurationName = Release;
		};
/* End XCConfigurationList section */
	};
	rootObject = 010F426A2874BD29006D101E /* Project object */;
}
